// !$*UTF8*$!
{
	archiveVersion = 1;
	classes = {
	};
	objectVersion = 55;
	objects = {

/* Begin PBXBuildFile section */
		DC876F0827B8030400A546D3 /* ButtonsImages.swift in Sources */ = {isa = PBXBuildFile; fileRef = DC876F0727B8030400A546D3 /* ButtonsImages.swift */; };
		DC876F0A27B81F8500A546D3 /* ShowingAlertMessages.swift in Sources */ = {isa = PBXBuildFile; fileRef = DC876F0927B81F8500A546D3 /* ShowingAlertMessages.swift */; };
		DC876F0C27B8256E00A546D3 /* StackingUpButtons.swift in Sources */ = {isa = PBXBuildFile; fileRef = DC876F0B27B8256E00A546D3 /* StackingUpButtons.swift */; };
		DC876F0E27B82FB800A546D3 /* ScopewWithAnAlert.swift in Sources */ = {isa = PBXBuildFile; fileRef = DC876F0D27B82FB800A546D3 /* ScopewWithAnAlert.swift */; };
		DCA8EF6127B460AB00658C17 /* Day20_22App.swift in Sources */ = {isa = PBXBuildFile; fileRef = DCA8EF6027B460AB00658C17 /* Day20_22App.swift */; };
		DCA8EF6327B460AB00658C17 /* ContentView.swift in Sources */ = {isa = PBXBuildFile; fileRef = DCA8EF6227B460AB00658C17 /* ContentView.swift */; };
		DCA8EF6527B460AC00658C17 /* Assets.xcassets in Resources */ = {isa = PBXBuildFile; fileRef = DCA8EF6427B460AC00658C17 /* Assets.xcassets */; };
		DCA8EF6827B460AC00658C17 /* Preview Assets.xcassets in Resources */ = {isa = PBXBuildFile; fileRef = DCA8EF6727B460AC00658C17 /* Preview Assets.xcassets */; };
		DCA8EF6F27B4644400658C17 /* SwiftUIView.swift in Sources */ = {isa = PBXBuildFile; fileRef = DCA8EF6E27B4644400658C17 /* SwiftUIView.swift */; };
		DCA8EF7127B4648F00658C17 /* SwiftUIView2.swift in Sources */ = {isa = PBXBuildFile; fileRef = DCA8EF7027B4648F00658C17 /* SwiftUIView2.swift */; };
/* End PBXBuildFile section */

/* Begin PBXFileReference section */
		DC876F0727B8030400A546D3 /* ButtonsImages.swift */ = {isa = PBXFileReference; lastKnownFileType = sourcecode.swift; path = ButtonsImages.swift; sourceTree = "<group>"; };
		DC876F0927B81F8500A546D3 /* ShowingAlertMessages.swift */ = {isa = PBXFileReference; lastKnownFileType = sourcecode.swift; path = ShowingAlertMessages.swift; sourceTree = "<group>"; };
		DC876F0B27B8256E00A546D3 /* StackingUpButtons.swift */ = {isa = PBXFileReference; lastKnownFileType = sourcecode.swift; path = StackingUpButtons.swift; sourceTree = "<group>"; };
		DC876F0D27B82FB800A546D3 /* ScopewWithAnAlert.swift */ = {isa = PBXFileReference; lastKnownFileType = sourcecode.swift; path = ScopewWithAnAlert.swift; sourceTree = "<group>"; };
		DCA8EF5D27B460AB00658C17 /* Day20-22.app */ = {isa = PBXFileReference; explicitFileType = wrapper.application; includeInIndex = 0; path = "Day20-22.app"; sourceTree = BUILT_PRODUCTS_DIR; };
		DCA8EF6027B460AB00658C17 /* Day20_22App.swift */ = {isa = PBXFileReference; lastKnownFileType = sourcecode.swift; path = Day20_22App.swift; sourceTree = "<group>"; };
		DCA8EF6227B460AB00658C17 /* ContentView.swift */ = {isa = PBXFileReference; lastKnownFileType = sourcecode.swift; path = ContentView.swift; sourceTree = "<group>"; };
		DCA8EF6427B460AC00658C17 /* Assets.xcassets */ = {isa = PBXFileReference; lastKnownFileType = folder.assetcatalog; path = Assets.xcassets; sourceTree = "<group>"; };
		DCA8EF6727B460AC00658C17 /* Preview Assets.xcassets */ = {isa = PBXFileReference; lastKnownFileType = folder.assetcatalog; path = "Preview Assets.xcassets"; sourceTree = "<group>"; };
		DCA8EF6E27B4644400658C17 /* SwiftUIView.swift */ = {isa = PBXFileReference; lastKnownFileType = sourcecode.swift; path = SwiftUIView.swift; sourceTree = "<group>"; };
		DCA8EF7027B4648F00658C17 /* SwiftUIView2.swift */ = {isa = PBXFileReference; lastKnownFileType = sourcecode.swift; path = SwiftUIView2.swift; sourceTree = "<group>"; };
/* End PBXFileReference section */

/* Begin PBXFrameworksBuildPhase section */
		DCA8EF5A27B460AB00658C17 /* Frameworks */ = {
			isa = PBXFrameworksBuildPhase;
			buildActionMask = 2147483647;
			files = (
			);
			runOnlyForDeploymentPostprocessing = 0;
		};
/* End PBXFrameworksBuildPhase section */

/* Begin PBXGroup section */
		DCA8EF5427B460AB00658C17 = {
			isa = PBXGroup;
			children = (
				DCA8EF5F27B460AB00658C17 /* Day20-22 */,
				DCA8EF5E27B460AB00658C17 /* Products */,
			);
			sourceTree = "<group>";
		};
		DCA8EF5E27B460AB00658C17 /* Products */ = {
			isa = PBXGroup;
			children = (
				DCA8EF5D27B460AB00658C17 /* Day20-22.app */,
			);
			name = Products;
			sourceTree = "<group>";
		};
		DCA8EF5F27B460AB00658C17 /* Day20-22 */ = {
			isa = PBXGroup;
			children = (
				DCA8EF6027B460AB00658C17 /* Day20_22App.swift */,
				DC876F0B27B8256E00A546D3 /* StackingUpButtons.swift */,
				DC876F0727B8030400A546D3 /* ButtonsImages.swift */,
				DCA8EF6227B460AB00658C17 /* ContentView.swift */,
				DCA8EF6E27B4644400658C17 /* SwiftUIView.swift */,
				DCA8EF7027B4648F00658C17 /* SwiftUIView2.swift */,
				DC876F0927B81F8500A546D3 /* ShowingAlertMessages.swift */,
				DC876F0D27B82FB800A546D3 /* ScopewWithAnAlert.swift */,
				DCA8EF6427B460AC00658C17 /* Assets.xcassets */,
				DCA8EF6627B460AC00658C17 /* Preview Content */,
			);
			path = "Day20-22";
			sourceTree = "<group>";
		};
		DCA8EF6627B460AC00658C17 /* Preview Content */ = {
			isa = PBXGroup;
			children = (
				DCA8EF6727B460AC00658C17 /* Preview Assets.xcassets */,
			);
			path = "Preview Content";
			sourceTree = "<group>";
		};
/* End PBXGroup section */

/* Begin PBXNativeTarget section */
		DCA8EF5C27B460AB00658C17 /* Day20-22 */ = {
			isa = PBXNativeTarget;
			buildConfigurationList = DCA8EF6B27B460AC00658C17 /* Build configuration list for PBXNativeTarget "Day20-22" */;
			buildPhases = (
				DCA8EF5927B460AB00658C17 /* Sources */,
				DCA8EF5A27B460AB00658C17 /* Frameworks */,
				DCA8EF5B27B460AB00658C17 /* Resources */,
			);
			buildRules = (
			);
			dependencies = (
			);
			name = "Day20-22";
			productName = "Day20-22";
			productReference = DCA8EF5D27B460AB00658C17 /* Day20-22.app */;
			productType = "com.apple.product-type.application";
		};
/* End PBXNativeTarget section */

/* Begin PBXProject section */
		DCA8EF5527B460AB00658C17 /* Project object */ = {
			isa = PBXProject;
			attributes = {
				BuildIndependentTargetsInParallel = 1;
				LastSwiftUpdateCheck = 1320;
				LastUpgradeCheck = 1320;
				TargetAttributes = {
					DCA8EF5C27B460AB00658C17 = {
						CreatedOnToolsVersion = 13.2.1;
					};
				};
			};
			buildConfigurationList = DCA8EF5827B460AB00658C17 /* Build configuration list for PBXProject "Day20-22" */;
			compatibilityVersion = "Xcode 13.0";
			developmentRegion = en;
			hasScannedForEncodings = 0;
			knownRegions = (
				en,
				Base,
			);
			mainGroup = DCA8EF5427B460AB00658C17;
			productRefGroup = DCA8EF5E27B460AB00658C17 /* Products */;
			projectDirPath = "";
			projectRoot = "";
			targets = (
				DCA8EF5C27B460AB00658C17 /* Day20-22 */,
			);
		};
/* End PBXProject section */

/* Begin PBXResourcesBuildPhase section */
		DCA8EF5B27B460AB00658C17 /* Resources */ = {
			isa = PBXResourcesBuildPhase;
			buildActionMask = 2147483647;
			files = (
				DCA8EF6827B460AC00658C17 /* Preview Assets.xcassets in Resources */,
				DCA8EF6527B460AC00658C17 /* Assets.xcassets in Resources */,
			);
			runOnlyForDeploymentPostprocessing = 0;
		};
/* End PBXResourcesBuildPhase section */

/* Begin PBXSourcesBuildPhase section */
		DCA8EF5927B460AB00658C17 /* Sources */ = {
			isa = PBXSourcesBuildPhase;
			buildActionMask = 2147483647;
			files = (
				DC876F0A27B81F8500A546D3 /* ShowingAlertMessages.swift in Sources */,
				DC876F0C27B8256E00A546D3 /* StackingUpButtons.swift in Sources */,
				DCA8EF6327B460AB00658C17 /* ContentView.swift in Sources */,
				DC876F0827B8030400A546D3 /* ButtonsImages.swift in Sources */,
				DCA8EF7127B4648F00658C17 /* SwiftUIView2.swift in Sources */,
				DCA8EF6127B460AB00658C17 /* Day20_22App.swift in Sources */,
				DC876F0E27B82FB800A546D3 /* ScopewWithAnAlert.swift in Sources */,
				DCA8EF6F27B4644400658C17 /* SwiftUIView.swift in Sources */,
			);
			runOnlyForDeploymentPostprocessing = 0;
		};
/* End PBXSourcesBuildPhase section */

/* Begin XCBuildConfiguration section */
		DCA8EF6927B460AC00658C17 /* Debug */ = {
			isa = XCBuildConfiguration;
			buildSettings = {
				ALWAYS_SEARCH_USER_PATHS = NO;
				CLANG_ANALYZER_NONNULL = YES;
				CLANG_ANALYZER_NUMBER_OBJECT_CONVERSION = YES_AGGRESSIVE;
				CLANG_CXX_LANGUAGE_STANDARD = "gnu++17";
				CLANG_CXX_LIBRARY = "libc++";
				CLANG_ENABLE_MODULES = YES;
				CLANG_ENABLE_OBJC_ARC = YES;
				CLANG_ENABLE_OBJC_WEAK = YES;
				CLANG_WARN_BLOCK_CAPTURE_AUTORELEASING = YES;
				CLANG_WARN_BOOL_CONVERSION = YES;
				CLANG_WARN_COMMA = YES;
				CLANG_WARN_CONSTANT_CONVERSION = YES;
				CLANG_WARN_DEPRECATED_OBJC_IMPLEMENTATIONS = YES;
				CLANG_WARN_DIRECT_OBJC_ISA_USAGE = YES_ERROR;
				CLANG_WARN_DOCUMENTATION_COMMENTS = YES;
				CLANG_WARN_EMPTY_BODY = YES;
				CLANG_WARN_ENUM_CONVERSION = YES;
				CLANG_WARN_INFINITE_RECURSION = YES;
				CLANG_WARN_INT_CONVERSION = YES;
				CLANG_WARN_NON_LITERAL_NULL_CONVERSION = YES;
				CLANG_WARN_OBJC_IMPLICIT_RETAIN_SELF = YES;
				CLANG_WARN_OBJC_LITERAL_CONVERSION = YES;
				CLANG_WARN_OBJC_ROOT_CLASS = YES_ERROR;
				CLANG_WARN_QUOTED_INCLUDE_IN_FRAMEWORK_HEADER = YES;
				CLANG_WARN_RANGE_LOOP_ANALYSIS = YES;
				CLANG_WARN_STRICT_PROTOTYPES = YES;
				CLANG_WARN_SUSPICIOUS_MOVE = YES;
				CLANG_WARN_UNGUARDED_AVAILABILITY = YES_AGGRESSIVE;
				CLANG_WARN_UNREACHABLE_CODE = YES;
				CLANG_WARN__DUPLICATE_METHOD_MATCH = YES;
				COPY_PHASE_STRIP = NO;
				DEBUG_INFORMATION_FORMAT = dwarf;
				ENABLE_STRICT_OBJC_MSGSEND = YES;
				ENABLE_TESTABILITY = YES;
				GCC_C_LANGUAGE_STANDARD = gnu11;
				GCC_DYNAMIC_NO_PIC = NO;
				GCC_NO_COMMON_BLOCKS = YES;
				GCC_OPTIMIZATION_LEVEL = 0;
				GCC_PREPROCESSOR_DEFINITIONS = (
					"DEBUG=1",
					"$(inherited)",
				);
				GCC_WARN_64_TO_32_BIT_CONVERSION = YES;
				GCC_WARN_ABOUT_RETURN_TYPE = YES_ERROR;
				GCC_WARN_UNDECLARED_SELECTOR = YES;
				GCC_WARN_UNINITIALIZED_AUTOS = YES_AGGRESSIVE;
				GCC_WARN_UNUSED_FUNCTION = YES;
				GCC_WARN_UNUSED_VARIABLE = YES;
				IPHONEOS_DEPLOYMENT_TARGET = 15.2;
				MTL_ENABLE_DEBUG_INFO = INCLUDE_SOURCE;
				MTL_FAST_MATH = YES;
				ONLY_ACTIVE_ARCH = YES;
				SDKROOT = iphoneos;
				SWIFT_ACTIVE_COMPILATION_CONDITIONS = DEBUG;
				SWIFT_OPTIMIZATION_LEVEL = "-Onone";
			};
			name = Debug;
		};
		DCA8EF6A27B460AC00658C17 /* Release */ = {
			isa = XCBuildConfiguration;
			buildSettings = {
				ALWAYS_SEARCH_USER_PATHS = NO;
				CLANG_ANALYZER_NONNULL = YES;
				CLANG_ANALYZER_NUMBER_OBJECT_CONVERSION = YES_AGGRESSIVE;
				CLANG_CXX_LANGUAGE_STANDARD = "gnu++17";
				CLANG_CXX_LIBRARY = "libc++";
				CLANG_ENABLE_MODULES = YES;
				CLANG_ENABLE_OBJC_ARC = YES;
				CLANG_ENABLE_OBJC_WEAK = YES;
				CLANG_WARN_BLOCK_CAPTURE_AUTORELEASING = YES;
				CLANG_WARN_BOOL_CONVERSION = YES;
				CLANG_WARN_COMMA = YES;
				CLANG_WARN_CONSTANT_CONVERSION = YES;
				CLANG_WARN_DEPRECATED_OBJC_IMPLEMENTATIONS = YES;
				CLANG_WARN_DIRECT_OBJC_ISA_USAGE = YES_ERROR;
				CLANG_WARN_DOCUMENTATION_COMMENTS = YES;
				CLANG_WARN_EMPTY_BODY = YES;
				CLANG_WARN_ENUM_CONVERSION = YES;
				CLANG_WARN_INFINITE_RECURSION = YES;
				CLANG_WARN_INT_CONVERSION = YES;
				CLANG_WARN_NON_LITERAL_NULL_CONVERSION = YES;
				CLANG_WARN_OBJC_IMPLICIT_RETAIN_SELF = YES;
				CLANG_WARN_OBJC_LITERAL_CONVERSION = YES;
				CLANG_WARN_OBJC_ROOT_CLASS = YES_ERROR;
				CLANG_WARN_QUOTED_INCLUDE_IN_FRAMEWORK_HEADER = YES;
				CLANG_WARN_RANGE_LOOP_ANALYSIS = YES;
				CLANG_WARN_STRICT_PROTOTYPES = YES;
				CLANG_WARN_SUSPICIOUS_MOVE = YES;
				CLANG_WARN_UNGUARDED_AVAILABILITY = YES_AGGRESSIVE;
				CLANG_WARN_UNREACHABLE_CODE = YES;
				CLANG_WARN__DUPLICATE_METHOD_MATCH = YES;
				COPY_PHASE_STRIP = NO;
				DEBUG_INFORMATION_FORMAT = "dwarf-with-dsym";
				ENABLE_NS_ASSERTIONS = NO;
				ENABLE_STRICT_OBJC_MSGSEND = YES;
				GCC_C_LANGUAGE_STANDARD = gnu11;
				GCC_NO_COMMON_BLOCKS = YES;
				GCC_WARN_64_TO_32_BIT_CONVERSION = YES;
				GCC_WARN_ABOUT_RETURN_TYPE = YES_ERROR;
				GCC_WARN_UNDECLARED_SELECTOR = YES;
				GCC_WARN_UNINITIALIZED_AUTOS = YES_AGGRESSIVE;
				GCC_WARN_UNUSED_FUNCTION = YES;
				GCC_WARN_UNUSED_VARIABLE = YES;
				IPHONEOS_DEPLOYMENT_TARGET = 15.2;
				MTL_ENABLE_DEBUG_INFO = NO;
				MTL_FAST_MATH = YES;
				SDKROOT = iphoneos;
				SWIFT_COMPILATION_MODE = wholemodule;
				SWIFT_OPTIMIZATION_LEVEL = "-O";
				VALIDATE_PRODUCT = YES;
			};
			name = Release;
		};
		DCA8EF6C27B460AC00658C17 /* Debug */ = {
			isa = XCBuildConfiguration;
			buildSettings = {
				ASSETCATALOG_COMPILER_APPICON_NAME = AppIcon;
				ASSETCATALOG_COMPILER_GLOBAL_ACCENT_COLOR_NAME = AccentColor;
				CODE_SIGN_STYLE = Automatic;
				CURRENT_PROJECT_VERSION = 1;
				DEVELOPMENT_ASSET_PATHS = "\"Day20-22/Preview Content\"";
				DEVELOPMENT_TEAM = FC2VZ65V5L;
				ENABLE_PREVIEWS = YES;
				GENERATE_INFOPLIST_FILE = YES;
				INFOPLIST_KEY_UIApplicationSceneManifest_Generation = YES;
				INFOPLIST_KEY_UIApplicationSupportsIndirectInputEvents = YES;
				INFOPLIST_KEY_UILaunchScreen_Generation = YES;
				INFOPLIST_KEY_UISupportedInterfaceOrientations_iPad = "UIInterfaceOrientationPortrait UIInterfaceOrientationPortraitUpsideDown UIInterfaceOrientationLandscapeLeft UIInterfaceOrientationLandscapeRight";
				INFOPLIST_KEY_UISupportedInterfaceOrientations_iPhone = "UIInterfaceOrientationPortrait UIInterfaceOrientationLandscapeLeft UIInterfaceOrientationLandscapeRight";
				LD_RUNPATH_SEARCH_PATHS = (
					"$(inherited)",
					"@executable_path/Frameworks",
				);
				MARKETING_VERSION = 1.0;
				PRODUCT_BUNDLE_IDENTIFIER = "app.Day20-22";
				PRODUCT_NAME = "$(TARGET_NAME)";
				SWIFT_EMIT_LOC_STRINGS = YES;
				SWIFT_VERSION = 5.0;
				TARGETED_DEVICE_FAMILY = "1,2";
			};
			name = Debug;
		};
		DCA8EF6D27B460AC00658C17 /* Release */ = {
			isa = XCBuildConfiguration;
			buildSettings = {
				ASSETCATALOG_COMPILER_APPICON_NAME = AppIcon;
				ASSETCATALOG_COMPILER_GLOBAL_ACCENT_COLOR_NAME = AccentColor;
				CODE_SIGN_STYLE = Automatic;
				CURRENT_PROJECT_VERSION = 1;
				DEVELOPMENT_ASSET_PATHS = "\"Day20-22/Preview Content\"";
				DEVELOPMENT_TEAM = FC2VZ65V5L;
				ENABLE_PREVIEWS = YES;
				GENERATE_INFOPLIST_FILE = YES;
				INFOPLIST_KEY_UIApplicationSceneManifest_Generation = YES;
				INFOPLIST_KEY_UIApplicationSupportsIndirectInputEvents = YES;
				INFOPLIST_KEY_UILaunchScreen_Generation = YES;
				INFOPLIST_KEY_UISupportedInterfaceOrientations_iPad = "UIInterfaceOrientationPortrait UIInterfaceOrientationPortraitUpsideDown UIInterfaceOrientationLandscapeLeft UIInterfaceOrientationLandscapeRight";
				INFOPLIST_KEY_UISupportedInterfaceOrientations_iPhone = "UIInterfaceOrientationPortrait UIInterfaceOrientationLandscapeLeft UIInterfaceOrientationLandscapeRight";
				LD_RUNPATH_SEARCH_PATHS = (
					"$(inherited)",
					"@executable_path/Frameworks",
				);
				MARKETING_VERSION = 1.0;
				PRODUCT_BUNDLE_IDENTIFIER = "app.Day20-22";
				PRODUCT_NAME = "$(TARGET_NAME)";
				SWIFT_EMIT_LOC_STRINGS = YES;
				SWIFT_VERSION = 5.0;
				TARGETED_DEVICE_FAMILY = "1,2";
			};
			name = Release;
		};
/* End XCBuildConfiguration section */

/* Begin XCConfigurationList section */
		DCA8EF5827B460AB00658C17 /* Build configuration list for PBXProject "Day20-22" */ = {
			isa = XCConfigurationList;
			buildConfigurations = (
				DCA8EF6927B460AC00658C17 /* Debug */,
				DCA8EF6A27B460AC00658C17 /* Release */,
			);
			defaultConfigurationIsVisible = 0;
			defaultConfigurationName = Release;
		};
		DCA8EF6B27B460AC00658C17 /* Build configuration list for PBXNativeTarget "Day20-22" */ = {
			isa = XCConfigurationList;
			buildConfigurations = (
				DCA8EF6C27B460AC00658C17 /* Debug */,
				DCA8EF6D27B460AC00658C17 /* Release */,
			);
			defaultConfigurationIsVisible = 0;
			defaultConfigurationName = Release;
		};
/* End XCConfigurationList section */
	};
	rootObject = DCA8EF5527B460AB00658C17 /* Project object */;
}
